
Microsoft Visual Studio Solution File, Format Version 12.00
# Visual Studio 15
VisualStudioVersion = 15.0.28307.106
MinimumVisualStudioVersion = 10.0.40219.1
Project("{FAE04EC0-301F-11D3-BF4B-00C04F79EFBC}") = "HHS", "HHS\HHS.csproj", "{B21DEF6D-0DC4-4913-968E-D5CC8A9C1C91}"
EndProject
Project("{FAE04EC0-301F-11D3-BF4B-00C04F79EFBC}") = "TimeRegistrationLibrary", "TimeRegistrationLibrary\TimeRegistrationLibrary.csproj", "{901557A7-B231-490A-BEE9-6ED7F8F54535}"
EndProject
Global
	GlobalSection(SolutionConfigurationPlatforms) = preSolution
		Debug|Any CPU = Debug|Any CPU
		Release|Any CPU = Release|Any CPU
	EndGlobalSection
	GlobalSection(ProjectConfigurationPlatforms) = postSolution
		{B21DEF6D-0DC4-4913-968E-D5CC8A9C1C91}.Debug|Any CPU.ActiveCfg = Debug|Any CPU
		{B21DEF6D-0DC4-4913-968E-D5CC8A9C1C91}.Debug|Any CPU.Build.0 = Debug|Any CPU
		{B21DEF6D-0DC4-4913-968E-D5CC8A9C1C91}.Release|Any CPU.ActiveCfg = Release|Any CPU
		{B21DEF6D-0DC4-4913-968E-D5CC8A9C1C91}.Release|Any CPU.Build.0 = Release|Any CPU
		{901557A7-B231-490A-BEE9-6ED7F8F54535}.Debug|Any CPU.ActiveCfg = Debug|Any CPU
		{901557A7-B231-490A-BEE9-6ED7F8F54535}.Debug|Any CPU.Build.0 = Debug|Any CPU
		{901557A7-B231-490A-BEE9-6ED7F8F54535}.Release|Any CPU.ActiveCfg = Release|Any CPU
		{901557A7-B231-490A-BEE9-6ED7F8F54535}.Release|Any CPU.Build.0 = Release|Any CPU
	EndGlobalSection
	GlobalSection(SolutionProperties) = preSolution
		HideSolutionNode = FALSE
	EndGlobalSection
	GlobalSection(ExtensibilityGlobals) = postSolution
		SolutionGuid = {F264ED52-D90D-422C-8E9B-E031F61F4047}
	EndGlobalSection
EndGlobal
